
Microsoft Visual Studio Solution File, Format Version 11.00
# Visual Studio 2010
Project("{FAE04EC0-301F-11D3-BF4B-00C04F79EFBC}") = "Gimela.Toolkit.CommandLines.Tail", "Gimela.Toolkit.CommandLines.Tail\Gimela.Toolkit.CommandLines.Tail.csproj", "{83C2C1BD-CD2F-451A-9E53-6FBB4AC358C9}"
EndProject
Project("{FAE04EC0-301F-11D3-BF4B-00C04F79EFBC}") = "Gimela.Toolkit.CommandLines.Foundation", "Gimela.Toolkit.CommandLines.Foundation\Gimela.Toolkit.CommandLines.Foundation.csproj", "{90C802A2-2899-4FFA-9A82-0F8F38E3BA36}"
EndProject
Project("{FAE04EC0-301F-11D3-BF4B-00C04F79EFBC}") = "Gimela.Toolkit.CommandLines.Grep", "Gimela.Toolkit.CommandLines.Grep\Gimela.Toolkit.CommandLines.Grep.csproj", "{C01C6274-35C9-453B-94AF-37BB012F9C11}"
EndProject
Project("{FAE04EC0-301F-11D3-BF4B-00C04F79EFBC}") = "Gimela.Toolkit.CommandLines.TailUI", "Gimela.Toolkit.CommandLines.TailUI\Gimela.Toolkit.CommandLines.TailUI.csproj", "{3D6C3F88-AA04-4982-BAB6-4C1D45EF7FCD}"
EndProject
Project("{FAE04EC0-301F-11D3-BF4B-00C04F79EFBC}") = "Gimela.Toolkit.CommandLines.Foundation.UnitTest", "Gimela.Toolkit.CommandLines.Foundation.UnitTest\Gimela.Toolkit.CommandLines.Foundation.UnitTest.csproj", "{3B0631A0-D9BB-4489-A29C-EC30A16CA684}"
EndProject
Project("{FAE04EC0-301F-11D3-BF4B-00C04F79EFBC}") = "Gimela.Toolkit.CommandLines.Encode", "Gimela.Toolkit.CommandLines.Encode\Gimela.Toolkit.CommandLines.Encode.csproj", "{BEB1873E-1637-4CFF-A8DD-59F2BFF4E0B6}"
EndProject
Project("{FAE04EC0-301F-11D3-BF4B-00C04F79EFBC}") = "Gimela.Toolkit.CommandLines.Split", "Gimela.Toolkit.CommandLines.Split\Gimela.Toolkit.CommandLines.Split.csproj", "{1A63D247-D101-4973-B271-BF3E65FE29B3}"
EndProject
Project("{FAE04EC0-301F-11D3-BF4B-00C04F79EFBC}") = "Gimela.Toolkit.CommandLines.Join", "Gimela.Toolkit.CommandLines.Join\Gimela.Toolkit.CommandLines.Join.csproj", "{AB881F8B-2A8B-4F6F-93F5-89F52C5391C2}"
EndProject
Project("{FAE04EC0-301F-11D3-BF4B-00C04F79EFBC}") = "Gimela.Toolkit.CommandLines.Convert", "Gimela.Toolkit.CommandLines.Convert\Gimela.Toolkit.CommandLines.Convert.csproj", "{7F7D848D-6599-4018-9E1E-AA87718CCE18}"
EndProject
Project("{FAE04EC0-301F-11D3-BF4B-00C04F79EFBC}") = "Gimela.Toolkit.CommandLines.Checksum", "Gimela.Toolkit.CommandLines.Checksum\Gimela.Toolkit.CommandLines.Checksum.csproj", "{288097BF-DAE4-4134-8ADA-10FE45C53C1D}"
EndProject
Project("{FAE04EC0-301F-11D3-BF4B-00C04F79EFBC}") = "Gimela.Toolkit.CommandLines.Head", "Gimela.Toolkit.CommandLines.Head\Gimela.Toolkit.CommandLines.Head.csproj", "{4B65182C-E710-4008-9A39-1AB2DAA78C85}"
EndProject
Project("{FAE04EC0-301F-11D3-BF4B-00C04F79EFBC}") = "Gimela.Toolkit.CommandLines.Translate", "Gimela.Toolkit.CommandLines.Translate\Gimela.Toolkit.CommandLines.Translate.csproj", "{58D260C9-AE47-48E1-8147-32AC5EADA1FF}"
EndProject
Project("{FAE04EC0-301F-11D3-BF4B-00C04F79EFBC}") = "Gimela.Toolkit.CommandLines.Curl", "Gimela.Toolkit.CommandLines.Curl\Gimela.Toolkit.CommandLines.Curl.csproj", "{4D2AF53A-6CFB-4B3A-9920-B50B9A26D018}"
EndProject
Project("{FAE04EC0-301F-11D3-BF4B-00C04F79EFBC}") = "Gimela.Toolkit.CommandLines.RemoveDirectory", "Gimela.Toolkit.CommandLines.RemoveDirectory\Gimela.Toolkit.CommandLines.RemoveDirectory.csproj", "{BFB4CD19-1F33-4618-8DD4-0DCCEAC0C1C8}"
EndProject
Project("{FAE04EC0-301F-11D3-BF4B-00C04F79EFBC}") = "Gimela.Toolkit.CommandLines.Count", "Gimela.Toolkit.CommandLines.Count\Gimela.Toolkit.CommandLines.Count.csproj", "{B8B850E2-1F3F-4461-BBA0-AD206EEFA2C5}"
EndProject
Project("{FAE04EC0-301F-11D3-BF4B-00C04F79EFBC}") = "Gimela.Toolkit.CommandLines.Find", "Gimela.Toolkit.CommandLines.Find\Gimela.Toolkit.CommandLines.Find.csproj", "{F256E027-D5FA-4781-B417-B49B24EB5CD4}"
EndProject
Project("{FAE04EC0-301F-11D3-BF4B-00C04F79EFBC}") = "Gimela.Toolkit.CommandLines.Base64", "Gimela.Toolkit.CommandLines.Base64\Gimela.Toolkit.CommandLines.Base64.csproj", "{F74772F9-D25C-4EC6-A7D3-4E2934ED53E0}"
EndProject
Global
	GlobalSection(TestCaseManagementSettings) = postSolution
		CategoryFile = Gimela.Toolkit.CommandLines.vsmdi
	EndGlobalSection
	GlobalSection(SolutionConfigurationPlatforms) = preSolution
		Debug|Any CPU = Debug|Any CPU
		Debug|Mixed Platforms = Debug|Mixed Platforms
		Debug|x86 = Debug|x86
		Release|Any CPU = Release|Any CPU
		Release|Mixed Platforms = Release|Mixed Platforms
		Release|x86 = Release|x86
	EndGlobalSection
	GlobalSection(ProjectConfigurationPlatforms) = postSolution
		{83C2C1BD-CD2F-451A-9E53-6FBB4AC358C9}.Debug|Any CPU.ActiveCfg = Debug|x86
		{83C2C1BD-CD2F-451A-9E53-6FBB4AC358C9}.Debug|Mixed Platforms.ActiveCfg = Debug|x86
		{83C2C1BD-CD2F-451A-9E53-6FBB4AC358C9}.Debug|Mixed Platforms.Build.0 = Debug|x86
		{83C2C1BD-CD2F-451A-9E53-6FBB4AC358C9}.Debug|x86.ActiveCfg = Debug|x86
		{83C2C1BD-CD2F-451A-9E53-6FBB4AC358C9}.Debug|x86.Build.0 = Debug|x86
		{83C2C1BD-CD2F-451A-9E53-6FBB4AC358C9}.Release|Any CPU.ActiveCfg = Release|x86
		{83C2C1BD-CD2F-451A-9E53-6FBB4AC358C9}.Release|Mixed Platforms.ActiveCfg = Release|x86
		{83C2C1BD-CD2F-451A-9E53-6FBB4AC358C9}.Release|Mixed Platforms.Build.0 = Release|x86
		{83C2C1BD-CD2F-451A-9E53-6FBB4AC358C9}.Release|x86.ActiveCfg = Release|x86
		{83C2C1BD-CD2F-451A-9E53-6FBB4AC358C9}.Release|x86.Build.0 = Release|x86
		{90C802A2-2899-4FFA-9A82-0F8F38E3BA36}.Debug|Any CPU.ActiveCfg = Debug|Any CPU
		{90C802A2-2899-4FFA-9A82-0F8F38E3BA36}.Debug|Any CPU.Build.0 = Debug|Any CPU
		{90C802A2-2899-4FFA-9A82-0F8F38E3BA36}.Debug|Mixed Platforms.ActiveCfg = Debug|Any CPU
		{90C802A2-2899-4FFA-9A82-0F8F38E3BA36}.Debug|Mixed Platforms.Build.0 = Debug|Any CPU
		{90C802A2-2899-4FFA-9A82-0F8F38E3BA36}.Debug|x86.ActiveCfg = Debug|Any CPU
		{90C802A2-2899-4FFA-9A82-0F8F38E3BA36}.Release|Any CPU.ActiveCfg = Release|Any CPU
		{90C802A2-2899-4FFA-9A82-0F8F38E3BA36}.Release|Any CPU.Build.0 = Release|Any CPU
		{90C802A2-2899-4FFA-9A82-0F8F38E3BA36}.Release|Mixed Platforms.ActiveCfg = Release|Any CPU
		{90C802A2-2899-4FFA-9A82-0F8F38E3BA36}.Release|Mixed Platforms.Build.0 = Release|Any CPU
		{90C802A2-2899-4FFA-9A82-0F8F38E3BA36}.Release|x86.ActiveCfg = Release|Any CPU
		{C01C6274-35C9-453B-94AF-37BB012F9C11}.Debug|Any CPU.ActiveCfg = Debug|x86
		{C01C6274-35C9-453B-94AF-37BB012F9C11}.Debug|Mixed Platforms.ActiveCfg = Debug|x86
		{C01C6274-35C9-453B-94AF-37BB012F9C11}.Debug|Mixed Platforms.Build.0 = Debug|x86
		{C01C6274-35C9-453B-94AF-37BB012F9C11}.Debug|x86.ActiveCfg = Debug|x86
		{C01C6274-35C9-453B-94AF-37BB012F9C11}.Debug|x86.Build.0 = Debug|x86
		{C01C6274-35C9-453B-94AF-37BB012F9C11}.Release|Any CPU.ActiveCfg = Release|x86
		{C01C6274-35C9-453B-94AF-37BB012F9C11}.Release|Mixed Platforms.ActiveCfg = Release|x86
		{C01C6274-35C9-453B-94AF-37BB012F9C11}.Release|Mixed Platforms.Build.0 = Release|x86
		{C01C6274-35C9-453B-94AF-37BB012F9C11}.Release|x86.ActiveCfg = Release|x86
		{C01C6274-35C9-453B-94AF-37BB012F9C11}.Release|x86.Build.0 = Release|x86
		{3D6C3F88-AA04-4982-BAB6-4C1D45EF7FCD}.Debug|Any CPU.ActiveCfg = Debug|x86
		{3D6C3F88-AA04-4982-BAB6-4C1D45EF7FCD}.Debug|Mixed Platforms.ActiveCfg = Debug|x86
		{3D6C3F88-AA04-4982-BAB6-4C1D45EF7FCD}.Debug|Mixed Platforms.Build.0 = Debug|x86
		{3D6C3F88-AA04-4982-BAB6-4C1D45EF7FCD}.Debug|x86.ActiveCfg = Debug|x86
		{3D6C3F88-AA04-4982-BAB6-4C1D45EF7FCD}.Debug|x86.Build.0 = Debug|x86
		{3D6C3F88-AA04-4982-BAB6-4C1D45EF7FCD}.Release|Any CPU.ActiveCfg = Release|x86
		{3D6C3F88-AA04-4982-BAB6-4C1D45EF7FCD}.Release|Mixed Platforms.ActiveCfg = Release|x86
		{3D6C3F88-AA04-4982-BAB6-4C1D45EF7FCD}.Release|Mixed Platforms.Build.0 = Release|x86
		{3D6C3F88-AA04-4982-BAB6-4C1D45EF7FCD}.Release|x86.ActiveCfg = Release|x86
		{3D6C3F88-AA04-4982-BAB6-4C1D45EF7FCD}.Release|x86.Build.0 = Release|x86
		{3B0631A0-D9BB-4489-A29C-EC30A16CA684}.Debug|Any CPU.ActiveCfg = Debug|Any CPU
		{3B0631A0-D9BB-4489-A29C-EC30A16CA684}.Debug|Any CPU.Build.0 = Debug|Any CPU
		{3B0631A0-D9BB-4489-A29C-EC30A16CA684}.Debug|Mixed Platforms.ActiveCfg = Debug|Any CPU
		{3B0631A0-D9BB-4489-A29C-EC30A16CA684}.Debug|Mixed Platforms.Build.0 = Debug|Any CPU
		{3B0631A0-D9BB-4489-A29C-EC30A16CA684}.Debug|x86.ActiveCfg = Debug|Any CPU
		{3B0631A0-D9BB-4489-A29C-EC30A16CA684}.Release|Any CPU.ActiveCfg = Release|Any CPU
		{3B0631A0-D9BB-4489-A29C-EC30A16CA684}.Release|Any CPU.Build.0 = Release|Any CPU
		{3B0631A0-D9BB-4489-A29C-EC30A16CA684}.Release|Mixed Platforms.ActiveCfg = Release|Any CPU
		{3B0631A0-D9BB-4489-A29C-EC30A16CA684}.Release|Mixed Platforms.Build.0 = Release|Any CPU
		{3B0631A0-D9BB-4489-A29C-EC30A16CA684}.Release|x86.ActiveCfg = Release|Any CPU
		{BEB1873E-1637-4CFF-A8DD-59F2BFF4E0B6}.Debug|Any CPU.ActiveCfg = Debug|x86
		{BEB1873E-1637-4CFF-A8DD-59F2BFF4E0B6}.Debug|Mixed Platforms.ActiveCfg = Debug|x86
		{BEB1873E-1637-4CFF-A8DD-59F2BFF4E0B6}.Debug|Mixed Platforms.Build.0 = Debug|x86
		{BEB1873E-1637-4CFF-A8DD-59F2BFF4E0B6}.Debug|x86.ActiveCfg = Debug|x86
		{BEB1873E-1637-4CFF-A8DD-59F2BFF4E0B6}.Debug|x86.Build.0 = Debug|x86
		{BEB1873E-1637-4CFF-A8DD-59F2BFF4E0B6}.Release|Any CPU.ActiveCfg = Release|x86
		{BEB1873E-1637-4CFF-A8DD-59F2BFF4E0B6}.Release|Mixed Platforms.ActiveCfg = Release|x86
		{BEB1873E-1637-4CFF-A8DD-59F2BFF4E0B6}.Release|Mixed Platforms.Build.0 = Release|x86
		{BEB1873E-1637-4CFF-A8DD-59F2BFF4E0B6}.Release|x86.ActiveCfg = Release|x86
		{BEB1873E-1637-4CFF-A8DD-59F2BFF4E0B6}.Release|x86.Build.0 = Release|x86
		{1A63D247-D101-4973-B271-BF3E65FE29B3}.Debug|Any CPU.ActiveCfg = Debug|x86
		{1A63D247-D101-4973-B271-BF3E65FE29B3}.Debug|Mixed Platforms.ActiveCfg = Debug|x86
		{1A63D247-D101-4973-B271-BF3E65FE29B3}.Debug|Mixed Platforms.Build.0 = Debug|x86
		{1A63D247-D101-4973-B271-BF3E65FE29B3}.Debug|x86.ActiveCfg = Debug|x86
		{1A63D247-D101-4973-B271-BF3E65FE29B3}.Debug|x86.Build.0 = Debug|x86
		{1A63D247-D101-4973-B271-BF3E65FE29B3}.Release|Any CPU.ActiveCfg = Release|x86
		{1A63D247-D101-4973-B271-BF3E65FE29B3}.Release|Mixed Platforms.ActiveCfg = Release|x86
		{1A63D247-D101-4973-B271-BF3E65FE29B3}.Release|Mixed Platforms.Build.0 = Release|x86
		{1A63D247-D101-4973-B271-BF3E65FE29B3}.Release|x86.ActiveCfg = Release|x86
		{1A63D247-D101-4973-B271-BF3E65FE29B3}.Release|x86.Build.0 = Release|x86
		{AB881F8B-2A8B-4F6F-93F5-89F52C5391C2}.Debug|Any CPU.ActiveCfg = Debug|x86
		{AB881F8B-2A8B-4F6F-93F5-89F52C5391C2}.Debug|Mixed Platforms.ActiveCfg = Debug|x86
		{AB881F8B-2A8B-4F6F-93F5-89F52C5391C2}.Debug|Mixed Platforms.Build.0 = Debug|x86
		{AB881F8B-2A8B-4F6F-93F5-89F52C5391C2}.Debug|x86.ActiveCfg = Debug|x86
		{AB881F8B-2A8B-4F6F-93F5-89F52C5391C2}.Debug|x86.Build.0 = Debug|x86
		{AB881F8B-2A8B-4F6F-93F5-89F52C5391C2}.Release|Any CPU.ActiveCfg = Release|x86
		{AB881F8B-2A8B-4F6F-93F5-89F52C5391C2}.Release|Mixed Platforms.ActiveCfg = Release|x86
		{AB881F8B-2A8B-4F6F-93F5-89F52C5391C2}.Release|Mixed Platforms.Build.0 = Release|x86
		{AB881F8B-2A8B-4F6F-93F5-89F52C5391C2}.Release|x86.ActiveCfg = Release|x86
		{AB881F8B-2A8B-4F6F-93F5-89F52C5391C2}.Release|x86.Build.0 = Release|x86
		{7F7D848D-6599-4018-9E1E-AA87718CCE18}.Debug|Any CPU.ActiveCfg = Debug|x86
		{7F7D848D-6599-4018-9E1E-AA87718CCE18}.Debug|Mixed Platforms.ActiveCfg = Debug|x86
		{7F7D848D-6599-4018-9E1E-AA87718CCE18}.Debug|Mixed Platforms.Build.0 = Debug|x86
		{7F7D848D-6599-4018-9E1E-AA87718CCE18}.Debug|x86.ActiveCfg = Debug|x86
		{7F7D848D-6599-4018-9E1E-AA87718CCE18}.Debug|x86.Build.0 = Debug|x86
		{7F7D848D-6599-4018-9E1E-AA87718CCE18}.Release|Any CPU.ActiveCfg = Release|x86
		{7F7D848D-6599-4018-9E1E-AA87718CCE18}.Release|Mixed Platforms.ActiveCfg = Release|x86
		{7F7D848D-6599-4018-9E1E-AA87718CCE18}.Release|Mixed Platforms.Build.0 = Release|x86
		{7F7D848D-6599-4018-9E1E-AA87718CCE18}.Release|x86.ActiveCfg = Release|x86
		{7F7D848D-6599-4018-9E1E-AA87718CCE18}.Release|x86.Build.0 = Release|x86
		{288097BF-DAE4-4134-8ADA-10FE45C53C1D}.Debug|Any CPU.ActiveCfg = Debug|x86
		{288097BF-DAE4-4134-8ADA-10FE45C53C1D}.Debug|Mixed Platforms.ActiveCfg = Debug|x86
		{288097BF-DAE4-4134-8ADA-10FE45C53C1D}.Debug|Mixed Platforms.Build.0 = Debug|x86
		{288097BF-DAE4-4134-8ADA-10FE45C53C1D}.Debug|x86.ActiveCfg = Debug|x86
		{288097BF-DAE4-4134-8ADA-10FE45C53C1D}.Debug|x86.Build.0 = Debug|x86
		{288097BF-DAE4-4134-8ADA-10FE45C53C1D}.Release|Any CPU.ActiveCfg = Release|x86
		{288097BF-DAE4-4134-8ADA-10FE45C53C1D}.Release|Mixed Platforms.ActiveCfg = Release|x86
		{288097BF-DAE4-4134-8ADA-10FE45C53C1D}.Release|Mixed Platforms.Build.0 = Release|x86
		{288097BF-DAE4-4134-8ADA-10FE45C53C1D}.Release|x86.ActiveCfg = Release|x86
		{288097BF-DAE4-4134-8ADA-10FE45C53C1D}.Release|x86.Build.0 = Release|x86
		{4B65182C-E710-4008-9A39-1AB2DAA78C85}.Debug|Any CPU.ActiveCfg = Debug|x86
		{4B65182C-E710-4008-9A39-1AB2DAA78C85}.Debug|Mixed Platforms.ActiveCfg = Debug|x86
		{4B65182C-E710-4008-9A39-1AB2DAA78C85}.Debug|Mixed Platforms.Build.0 = Debug|x86
		{4B65182C-E710-4008-9A39-1AB2DAA78C85}.Debug|x86.ActiveCfg = Debug|x86
		{4B65182C-E710-4008-9A39-1AB2DAA78C85}.Debug|x86.Build.0 = Debug|x86
		{4B65182C-E710-4008-9A39-1AB2DAA78C85}.Release|Any CPU.ActiveCfg = Release|x86
		{4B65182C-E710-4008-9A39-1AB2DAA78C85}.Release|Mixed Platforms.ActiveCfg = Release|x86
		{4B65182C-E710-4008-9A39-1AB2DAA78C85}.Release|Mixed Platforms.Build.0 = Release|x86
		{4B65182C-E710-4008-9A39-1AB2DAA78C85}.Release|x86.ActiveCfg = Release|x86
		{4B65182C-E710-4008-9A39-1AB2DAA78C85}.Release|x86.Build.0 = Release|x86
		{58D260C9-AE47-48E1-8147-32AC5EADA1FF}.Debug|Any CPU.ActiveCfg = Debug|x86
		{58D260C9-AE47-48E1-8147-32AC5EADA1FF}.Debug|Mixed Platforms.ActiveCfg = Debug|x86
		{58D260C9-AE47-48E1-8147-32AC5EADA1FF}.Debug|Mixed Platforms.Build.0 = Debug|x86
		{58D260C9-AE47-48E1-8147-32AC5EADA1FF}.Debug|x86.ActiveCfg = Debug|x86
		{58D260C9-AE47-48E1-8147-32AC5EADA1FF}.Debug|x86.Build.0 = Debug|x86
		{58D260C9-AE47-48E1-8147-32AC5EADA1FF}.Release|Any CPU.ActiveCfg = Release|x86
		{58D260C9-AE47-48E1-8147-32AC5EADA1FF}.Release|Mixed Platforms.ActiveCfg = Release|x86
		{58D260C9-AE47-48E1-8147-32AC5EADA1FF}.Release|Mixed Platforms.Build.0 = Release|x86
		{58D260C9-AE47-48E1-8147-32AC5EADA1FF}.Release|x86.ActiveCfg = Release|x86
		{58D260C9-AE47-48E1-8147-32AC5EADA1FF}.Release|x86.Build.0 = Release|x86
		{4D2AF53A-6CFB-4B3A-9920-B50B9A26D018}.Debug|Any CPU.ActiveCfg = Debug|x86
		{4D2AF53A-6CFB-4B3A-9920-B50B9A26D018}.Debug|Mixed Platforms.ActiveCfg = Debug|x86
		{4D2AF53A-6CFB-4B3A-9920-B50B9A26D018}.Debug|Mixed Platforms.Build.0 = Debug|x86
		{4D2AF53A-6CFB-4B3A-9920-B50B9A26D018}.Debug|x86.ActiveCfg = Debug|x86
		{4D2AF53A-6CFB-4B3A-9920-B50B9A26D018}.Debug|x86.Build.0 = Debug|x86
		{4D2AF53A-6CFB-4B3A-9920-B50B9A26D018}.Release|Any CPU.ActiveCfg = Release|x86
		{4D2AF53A-6CFB-4B3A-9920-B50B9A26D018}.Release|Mixed Platforms.ActiveCfg = Release|x86
		{4D2AF53A-6CFB-4B3A-9920-B50B9A26D018}.Release|Mixed Platforms.Build.0 = Release|x86
		{4D2AF53A-6CFB-4B3A-9920-B50B9A26D018}.Release|x86.ActiveCfg = Release|x86
		{4D2AF53A-6CFB-4B3A-9920-B50B9A26D018}.Release|x86.Build.0 = Release|x86
		{BFB4CD19-1F33-4618-8DD4-0DCCEAC0C1C8}.Debug|Any CPU.ActiveCfg = Debug|x86
		{BFB4CD19-1F33-4618-8DD4-0DCCEAC0C1C8}.Debug|Mixed Platforms.ActiveCfg = Debug|x86
		{BFB4CD19-1F33-4618-8DD4-0DCCEAC0C1C8}.Debug|Mixed Platforms.Build.0 = Debug|x86
		{BFB4CD19-1F33-4618-8DD4-0DCCEAC0C1C8}.Debug|x86.ActiveCfg = Debug|x86
		{BFB4CD19-1F33-4618-8DD4-0DCCEAC0C1C8}.Debug|x86.Build.0 = Debug|x86
		{BFB4CD19-1F33-4618-8DD4-0DCCEAC0C1C8}.Release|Any CPU.ActiveCfg = Release|x86
		{BFB4CD19-1F33-4618-8DD4-0DCCEAC0C1C8}.Release|Mixed Platforms.ActiveCfg = Release|x86
		{BFB4CD19-1F33-4618-8DD4-0DCCEAC0C1C8}.Release|Mixed Platforms.Build.0 = Release|x86
		{BFB4CD19-1F33-4618-8DD4-0DCCEAC0C1C8}.Release|x86.ActiveCfg = Release|x86
		{BFB4CD19-1F33-4618-8DD4-0DCCEAC0C1C8}.Release|x86.Build.0 = Release|x86
		{B8B850E2-1F3F-4461-BBA0-AD206EEFA2C5}.Debug|Any CPU.ActiveCfg = Debug|x86
		{B8B850E2-1F3F-4461-BBA0-AD206EEFA2C5}.Debug|Mixed Platforms.ActiveCfg = Debug|x86
		{B8B850E2-1F3F-4461-BBA0-AD206EEFA2C5}.Debug|Mixed Platforms.Build.0 = Debug|x86
		{B8B850E2-1F3F-4461-BBA0-AD206EEFA2C5}.Debug|x86.ActiveCfg = Debug|x86
		{B8B850E2-1F3F-4461-BBA0-AD206EEFA2C5}.Debug|x86.Build.0 = Debug|x86
		{B8B850E2-1F3F-4461-BBA0-AD206EEFA2C5}.Release|Any CPU.ActiveCfg = Release|x86
		{B8B850E2-1F3F-4461-BBA0-AD206EEFA2C5}.Release|Mixed Platforms.ActiveCfg = Release|x86
		{B8B850E2-1F3F-4461-BBA0-AD206EEFA2C5}.Release|Mixed Platforms.Build.0 = Release|x86
		{B8B850E2-1F3F-4461-BBA0-AD206EEFA2C5}.Release|x86.ActiveCfg = Release|x86
		{B8B850E2-1F3F-4461-BBA0-AD206EEFA2C5}.Release|x86.Build.0 = Release|x86
		{F256E027-D5FA-4781-B417-B49B24EB5CD4}.Debug|Any CPU.ActiveCfg = Debug|x86
		{F256E027-D5FA-4781-B417-B49B24EB5CD4}.Debug|Mixed Platforms.ActiveCfg = Debug|x86
		{F256E027-D5FA-4781-B417-B49B24EB5CD4}.Debug|Mixed Platforms.Build.0 = Debug|x86
		{F256E027-D5FA-4781-B417-B49B24EB5CD4}.Debug|x86.ActiveCfg = Debug|x86
		{F256E027-D5FA-4781-B417-B49B24EB5CD4}.Debug|x86.Build.0 = Debug|x86
		{F256E027-D5FA-4781-B417-B49B24EB5CD4}.Release|Any CPU.ActiveCfg = Release|x86
		{F256E027-D5FA-4781-B417-B49B24EB5CD4}.Release|Mixed Platforms.ActiveCfg = Release|x86
		{F256E027-D5FA-4781-B417-B49B24EB5CD4}.Release|Mixed Platforms.Build.0 = Release|x86
		{F256E027-D5FA-4781-B417-B49B24EB5CD4}.Release|x86.ActiveCfg = Release|x86
		{F256E027-D5FA-4781-B417-B49B24EB5CD4}.Release|x86.Build.0 = Release|x86
		{F74772F9-D25C-4EC6-A7D3-4E2934ED53E0}.Debug|Any CPU.ActiveCfg = Debug|x86
		{F74772F9-D25C-4EC6-A7D3-4E2934ED53E0}.Debug|Mixed Platforms.ActiveCfg = Debug|x86
		{F74772F9-D25C-4EC6-A7D3-4E2934ED53E0}.Debug|Mixed Platforms.Build.0 = Debug|x86
		{F74772F9-D25C-4EC6-A7D3-4E2934ED53E0}.Debug|x86.ActiveCfg = Debug|x86
		{F74772F9-D25C-4EC6-A7D3-4E2934ED53E0}.Debug|x86.Build.0 = Debug|x86
		{F74772F9-D25C-4EC6-A7D3-4E2934ED53E0}.Release|Any CPU.ActiveCfg = Release|x86
		{F74772F9-D25C-4EC6-A7D3-4E2934ED53E0}.Release|Mixed Platforms.ActiveCfg = Release|x86
		{F74772F9-D25C-4EC6-A7D3-4E2934ED53E0}.Release|Mixed Platforms.Build.0 = Release|x86
		{F74772F9-D25C-4EC6-A7D3-4E2934ED53E0}.Release|x86.ActiveCfg = Release|x86
		{F74772F9-D25C-4EC6-A7D3-4E2934ED53E0}.Release|x86.Build.0 = Release|x86
	EndGlobalSection
	GlobalSection(SolutionProperties) = preSolution
		HideSolutionNode = FALSE
	EndGlobalSection
EndGlobal
